// !$*UTF8*$!
{
	archiveVersion = 1;
	classes = {
	};
	objectVersion = 46;
	objects = {

/* Begin PBXBuildFile section */
		2CF8AEC91A286B190005785B /* Foundation.framework in Frameworks */ = {isa = PBXBuildFile; fileRef = 2CF8AEC81A286B190005785B /* Foundation.framework */; };
		2CF8AECB1A286B190005785B /* CoreGraphics.framework in Frameworks */ = {isa = PBXBuildFile; fileRef = 2CF8AECA1A286B190005785B /* CoreGraphics.framework */; };
		2CF8AECD1A286B190005785B /* UIKit.framework in Frameworks */ = {isa = PBXBuildFile; fileRef = 2CF8AECC1A286B190005785B /* UIKit.framework */; };
		2CF8AED31A286B190005785B /* InfoPlist.strings in Resources */ = {isa = PBXBuildFile; fileRef = 2CF8AED11A286B190005785B /* InfoPlist.strings */; };
		2CF8AED51A286B190005785B /* main.m in Sources */ = {isa = PBXBuildFile; fileRef = 2CF8AED41A286B190005785B /* main.m */; };
		2CF8AED91A286B190005785B /* MYAppDelegate.m in Sources */ = {isa = PBXBuildFile; fileRef = 2CF8AED81A286B190005785B /* MYAppDelegate.m */; };
		2CF8AEDB1A286B190005785B /* Images.xcassets in Resources */ = {isa = PBXBuildFile; fileRef = 2CF8AEDA1A286B190005785B /* Images.xcassets */; };
		2CF8AEE21A286B190005785B /* XCTest.framework in Frameworks */ = {isa = PBXBuildFile; fileRef = 2CF8AEE11A286B190005785B /* XCTest.framework */; };
		2CF8AEE31A286B190005785B /* Foundation.framework in Frameworks */ = {isa = PBXBuildFile; fileRef = 2CF8AEC81A286B190005785B /* Foundation.framework */; };
		2CF8AEE41A286B190005785B /* UIKit.framework in Frameworks */ = {isa = PBXBuildFile; fileRef = 2CF8AECC1A286B190005785B /* UIKit.framework */; };
		2CF8AEEC1A286B190005785B /* InfoPlist.strings in Resources */ = {isa = PBXBuildFile; fileRef = 2CF8AEEA1A286B190005785B /* InfoPlist.strings */; };
		2CF8AEEE1A286B190005785B /* match3Tests.m in Sources */ = {isa = PBXBuildFile; fileRef = 2CF8AEED1A286B190005785B /* match3Tests.m */; };
		2CF8AEFA1A286B6B0005785B /* MYmainViewController.m in Sources */ = {isa = PBXBuildFile; fileRef = 2CF8AEF81A286B6B0005785B /* MYmainViewController.m */; };
		2CF8AEFB1A286B6B0005785B /* MYmainViewController.xib in Resources */ = {isa = PBXBuildFile; fileRef = 2CF8AEF91A286B6B0005785B /* MYmainViewController.xib */; };
		2CF8AEFE1A286D760005785B /* MYgameField.m in Sources */ = {isa = PBXBuildFile; fileRef = 2CF8AEFD1A286D760005785B /* MYgameField.m */; };
		2CF8AF011A28759A0005785B /* emptyCell.png in Resources */ = {isa = PBXBuildFile; fileRef = 2CF8AF001A28759A0005785B /* emptyCell.png */; };
		2CF8AF041A2878C10005785B /* MYgameElement.m in Sources */ = {isa = PBXBuildFile; fileRef = 2CF8AF031A2878C10005785B /* MYgameElement.m */; };
		2CF8AF081A2880E00005785B /* 0.png in Resources */ = {isa = PBXBuildFile; fileRef = 2CF8AF051A2880E00005785B /* 0.png */; };
		2CF8AF091A2880E00005785B /* 1.png in Resources */ = {isa = PBXBuildFile; fileRef = 2CF8AF061A2880E00005785B /* 1.png */; };
		2CF8AF0A1A2880E00005785B /* 2.png in Resources */ = {isa = PBXBuildFile; fileRef = 2CF8AF071A2880E00005785B /* 2.png */; };
/* End PBXBuildFile section */

/* Begin PBXContainerItemProxy section */
		2CF8AEE51A286B190005785B /* PBXContainerItemProxy */ = {
			isa = PBXContainerItemProxy;
			containerPortal = 2CF8AEBD1A286B190005785B /* Project object */;
			proxyType = 1;
			remoteGlobalIDString = 2CF8AEC41A286B190005785B;
			remoteInfo = match3;
		};
/* End PBXContainerItemProxy section */

/* Begin PBXFileReference section */
		2CF8AEC51A286B190005785B /* match3.app */ = {isa = PBXFileReference; explicitFileType = wrapper.application; includeInIndex = 0; path = match3.app; sourceTree = BUILT_PRODUCTS_DIR; };
		2CF8AEC81A286B190005785B /* Foundation.framework */ = {isa = PBXFileReference; lastKnownFileType = wrapper.framework; name = Foundation.framework; path = System/Library/Frameworks/Foundation.framework; sourceTree = SDKROOT; };
		2CF8AECA1A286B190005785B /* CoreGraphics.framework */ = {isa = PBXFileReference; lastKnownFileType = wrapper.framework; name = CoreGraphics.framework; path = System/Library/Frameworks/CoreGraphics.framework; sourceTree = SDKROOT; };
		2CF8AECC1A286B190005785B /* UIKit.framework */ = {isa = PBXFileReference; lastKnownFileType = wrapper.framework; name = UIKit.framework; path = System/Library/Frameworks/UIKit.framework; sourceTree = SDKROOT; };
		2CF8AED01A286B190005785B /* match3-Info.plist */ = {isa = PBXFileReference; lastKnownFileType = text.plist.xml; path = "match3-Info.plist"; sourceTree = "<group>"; };
		2CF8AED21A286B190005785B /* en */ = {isa = PBXFileReference; lastKnownFileType = text.plist.strings; name = en; path = en.lproj/InfoPlist.strings; sourceTree = "<group>"; };
		2CF8AED41A286B190005785B /* main.m */ = {isa = PBXFileReference; lastKnownFileType = sourcecode.c.objc; path = main.m; sourceTree = "<group>"; };
		2CF8AED61A286B190005785B /* match3-Prefix.pch */ = {isa = PBXFileReference; lastKnownFileType = sourcecode.c.h; path = "match3-Prefix.pch"; sourceTree = "<group>"; };
		2CF8AED71A286B190005785B /* MYAppDelegate.h */ = {isa = PBXFileReference; lastKnownFileType = sourcecode.c.h; path = MYAppDelegate.h; sourceTree = "<group>"; };
		2CF8AED81A286B190005785B /* MYAppDelegate.m */ = {isa = PBXFileReference; lastKnownFileType = sourcecode.c.objc; path = MYAppDelegate.m; sourceTree = "<group>"; };
		2CF8AEDA1A286B190005785B /* Images.xcassets */ = {isa = PBXFileReference; lastKnownFileType = folder.assetcatalog; path = Images.xcassets; sourceTree = "<group>"; };
		2CF8AEE01A286B190005785B /* match3Tests.xctest */ = {isa = PBXFileReference; explicitFileType = wrapper.cfbundle; includeInIndex = 0; path = match3Tests.xctest; sourceTree = BUILT_PRODUCTS_DIR; };
		2CF8AEE11A286B190005785B /* XCTest.framework */ = {isa = PBXFileReference; lastKnownFileType = wrapper.framework; name = XCTest.framework; path = Library/Frameworks/XCTest.framework; sourceTree = DEVELOPER_DIR; };
		2CF8AEE91A286B190005785B /* match3Tests-Info.plist */ = {isa = PBXFileReference; lastKnownFileType = text.plist.xml; path = "match3Tests-Info.plist"; sourceTree = "<group>"; };
		2CF8AEEB1A286B190005785B /* en */ = {isa = PBXFileReference; lastKnownFileType = text.plist.strings; name = en; path = en.lproj/InfoPlist.strings; sourceTree = "<group>"; };
		2CF8AEED1A286B190005785B /* match3Tests.m */ = {isa = PBXFileReference; lastKnownFileType = sourcecode.c.objc; path = match3Tests.m; sourceTree = "<group>"; };
		2CF8AEF71A286B6B0005785B /* MYmainViewController.h */ = {isa = PBXFileReference; fileEncoding = 4; lastKnownFileType = sourcecode.c.h; path = MYmainViewController.h; sourceTree = "<group>"; };
		2CF8AEF81A286B6B0005785B /* MYmainViewController.m */ = {isa = PBXFileReference; fileEncoding = 4; lastKnownFileType = sourcecode.c.objc; path = MYmainViewController.m; sourceTree = "<group>"; };
		2CF8AEF91A286B6B0005785B /* MYmainViewController.xib */ = {isa = PBXFileReference; fileEncoding = 4; lastKnownFileType = file.xib; path = MYmainViewController.xib; sourceTree = "<group>"; };
		2CF8AEFC1A286D760005785B /* MYgameField.h */ = {isa = PBXFileReference; fileEncoding = 4; lastKnownFileType = sourcecode.c.h; path = MYgameField.h; sourceTree = "<group>"; };
		2CF8AEFD1A286D760005785B /* MYgameField.m */ = {isa = PBXFileReference; fileEncoding = 4; lastKnownFileType = sourcecode.c.objc; path = MYgameField.m; sourceTree = "<group>"; };
		2CF8AF001A28759A0005785B /* emptyCell.png */ = {isa = PBXFileReference; lastKnownFileType = image.png; path = emptyCell.png; sourceTree = "<group>"; };
		2CF8AF021A2878C10005785B /* MYgameElement.h */ = {isa = PBXFileReference; fileEncoding = 4; lastKnownFileType = sourcecode.c.h; path = MYgameElement.h; sourceTree = "<group>"; };
		2CF8AF031A2878C10005785B /* MYgameElement.m */ = {isa = PBXFileReference; fileEncoding = 4; lastKnownFileType = sourcecode.c.objc; path = MYgameElement.m; sourceTree = "<group>"; };
		2CF8AF051A2880E00005785B /* 0.png */ = {isa = PBXFileReference; lastKnownFileType = image.png; path = 0.png; sourceTree = "<group>"; };
		2CF8AF061A2880E00005785B /* 1.png */ = {isa = PBXFileReference; lastKnownFileType = image.png; path = 1.png; sourceTree = "<group>"; };
		2CF8AF071A2880E00005785B /* 2.png */ = {isa = PBXFileReference; lastKnownFileType = image.png; path = 2.png; sourceTree = "<group>"; };
/* End PBXFileReference section */

/* Begin PBXFrameworksBuildPhase section */
		2CF8AEC21A286B190005785B /* Frameworks */ = {
			isa = PBXFrameworksBuildPhase;
			buildActionMask = 2147483647;
			files = (
				2CF8AECB1A286B190005785B /* CoreGraphics.framework in Frameworks */,
				2CF8AECD1A286B190005785B /* UIKit.framework in Frameworks */,
				2CF8AEC91A286B190005785B /* Foundation.framework in Frameworks */,
			);
			runOnlyForDeploymentPostprocessing = 0;
		};
		2CF8AEDD1A286B190005785B /* Frameworks */ = {
			isa = PBXFrameworksBuildPhase;
			buildActionMask = 2147483647;
			files = (
				2CF8AEE21A286B190005785B /* XCTest.framework in Frameworks */,
				2CF8AEE41A286B190005785B /* UIKit.framework in Frameworks */,
				2CF8AEE31A286B190005785B /* Foundation.framework in Frameworks */,
			);
			runOnlyForDeploymentPostprocessing = 0;
		};
/* End PBXFrameworksBuildPhase section */

/* Begin PBXGroup section */
		2CF8AEBC1A286B190005785B = {
			isa = PBXGroup;
			children = (
				2CF8AECE1A286B190005785B /* match3 */,
				2CF8AEE71A286B190005785B /* match3Tests */,
				2CF8AEC71A286B190005785B /* Frameworks */,
				2CF8AEC61A286B190005785B /* Products */,
			);
			sourceTree = "<group>";
		};
		2CF8AEC61A286B190005785B /* Products */ = {
			isa = PBXGroup;
			children = (
				2CF8AEC51A286B190005785B /* match3.app */,
				2CF8AEE01A286B190005785B /* match3Tests.xctest */,
			);
			name = Products;
			sourceTree = "<group>";
		};
		2CF8AEC71A286B190005785B /* Frameworks */ = {
			isa = PBXGroup;
			children = (
				2CF8AEC81A286B190005785B /* Foundation.framework */,
				2CF8AECA1A286B190005785B /* CoreGraphics.framework */,
				2CF8AECC1A286B190005785B /* UIKit.framework */,
				2CF8AEE11A286B190005785B /* XCTest.framework */,
			);
			name = Frameworks;
			sourceTree = "<group>";
		};
		2CF8AECE1A286B190005785B /* match3 */ = {
			isa = PBXGroup;
			children = (
				2CF8AED71A286B190005785B /* MYAppDelegate.h */,
				2CF8AED81A286B190005785B /* MYAppDelegate.m */,
				2CF8AEF71A286B6B0005785B /* MYmainViewController.h */,
				2CF8AEF81A286B6B0005785B /* MYmainViewController.m */,
				2CF8AEF91A286B6B0005785B /* MYmainViewController.xib */,
				2CF8AEFC1A286D760005785B /* MYgameField.h */,
				2CF8AEFD1A286D760005785B /* MYgameField.m */,
				2CF8AF021A2878C10005785B /* MYgameElement.h */,
				2CF8AF031A2878C10005785B /* MYgameElement.m */,
				2CF8AEDA1A286B190005785B /* Images.xcassets */,
				2CF8AECF1A286B190005785B /* Supporting Files */,
			);
			path = match3;
			sourceTree = "<group>";
		};
		2CF8AECF1A286B190005785B /* Supporting Files */ = {
			isa = PBXGroup;
			children = (
				2CF8AF051A2880E00005785B /* 0.png */,
				2CF8AF061A2880E00005785B /* 1.png */,
				2CF8AF071A2880E00005785B /* 2.png */,
				2CF8AF001A28759A0005785B /* emptyCell.png */,
				2CF8AED01A286B190005785B /* match3-Info.plist */,
				2CF8AED11A286B190005785B /* InfoPlist.strings */,
				2CF8AED41A286B190005785B /* main.m */,
				2CF8AED61A286B190005785B /* match3-Prefix.pch */,
			);
			name = "Supporting Files";
			sourceTree = "<group>";
		};
		2CF8AEE71A286B190005785B /* match3Tests */ = {
			isa = PBXGroup;
			children = (
				2CF8AEED1A286B190005785B /* match3Tests.m */,
				2CF8AEE81A286B190005785B /* Supporting Files */,
			);
			path = match3Tests;
			sourceTree = "<group>";
		};
		2CF8AEE81A286B190005785B /* Supporting Files */ = {
			isa = PBXGroup;
			children = (
				2CF8AEE91A286B190005785B /* match3Tests-Info.plist */,
				2CF8AEEA1A286B190005785B /* InfoPlist.strings */,
			);
			name = "Supporting Files";
			sourceTree = "<group>";
		};
/* End PBXGroup section */

/* Begin PBXNativeTarget section */
		2CF8AEC41A286B190005785B /* match3 */ = {
			isa = PBXNativeTarget;
			buildConfigurationList = 2CF8AEF11A286B190005785B /* Build configuration list for PBXNativeTarget "match3" */;
			buildPhases = (
				2CF8AEC11A286B190005785B /* Sources */,
				2CF8AEC21A286B190005785B /* Frameworks */,
				2CF8AEC31A286B190005785B /* Resources */,
			);
			buildRules = (
			);
			dependencies = (
			);
			name = match3;
			productName = match3;
			productReference = 2CF8AEC51A286B190005785B /* match3.app */;
			productType = "com.apple.product-type.application";
		};
		2CF8AEDF1A286B190005785B /* match3Tests */ = {
			isa = PBXNativeTarget;
			buildConfigurationList = 2CF8AEF41A286B190005785B /* Build configuration list for PBXNativeTarget "match3Tests" */;
			buildPhases = (
				2CF8AEDC1A286B190005785B /* Sources */,
				2CF8AEDD1A286B190005785B /* Frameworks */,
				2CF8AEDE1A286B190005785B /* Resources */,
			);
			buildRules = (
			);
			dependencies = (
				2CF8AEE61A286B190005785B /* PBXTargetDependency */,
			);
			name = match3Tests;
			productName = match3Tests;
			productReference = 2CF8AEE01A286B190005785B /* match3Tests.xctest */;
			productType = "com.apple.product-type.bundle.unit-test";
		};
/* End PBXNativeTarget section */

/* Begin PBXProject section */
		2CF8AEBD1A286B190005785B /* Project object */ = {
			isa = PBXProject;
			attributes = {
				CLASSPREFIX = MY;
				LastUpgradeCheck = 0500;
				ORGANIZATIONNAME = MY;
				TargetAttributes = {
					2CF8AEDF1A286B190005785B = {
						TestTargetID = 2CF8AEC41A286B190005785B;
					};
				};
			};
			buildConfigurationList = 2CF8AEC01A286B190005785B /* Build configuration list for PBXProject "match3" */;
			compatibilityVersion = "Xcode 3.2";
			developmentRegion = English;
			hasScannedForEncodings = 0;
			knownRegions = (
				en,
			);
			mainGroup = 2CF8AEBC1A286B190005785B;
			productRefGroup = 2CF8AEC61A286B190005785B /* Products */;
			projectDirPath = "";
			projectRoot = "";
			targets = (
				2CF8AEC41A286B190005785B /* match3 */,
				2CF8AEDF1A286B190005785B /* match3Tests */,
			);
		};
/* End PBXProject section */

/* Begin PBXResourcesBuildPhase section */
		2CF8AEC31A286B190005785B /* Resources */ = {
			isa = PBXResourcesBuildPhase;
			buildActionMask = 2147483647;
			files = (
				2CF8AED31A286B190005785B /* InfoPlist.strings in Resources */,
				2CF8AF081A2880E00005785B /* 0.png in Resources */,
				2CF8AF0A1A2880E00005785B /* 2.png in Resources */,
				2CF8AEFB1A286B6B0005785B /* MYmainViewController.xib in Resources */,
				2CF8AF091A2880E00005785B /* 1.png in Resources */,
				2CF8AEDB1A286B190005785B /* Images.xcassets in Resources */,
				2CF8AF011A28759A0005785B /* emptyCell.png in Resources */,
			);
			runOnlyForDeploymentPostprocessing = 0;
		};
		2CF8AEDE1A286B190005785B /* Resources */ = {
			isa = PBXResourcesBuildPhase;
			buildActionMask = 2147483647;
			files = (
				2CF8AEEC1A286B190005785B /* InfoPlist.strings in Resources */,
			);
			runOnlyForDeploymentPostprocessing = 0;
		};
/* End PBXResourcesBuildPhase section */

/* Begin PBXSourcesBuildPhase section */
		2CF8AEC11A286B190005785B /* Sources */ = {
			isa = PBXSourcesBuildPhase;
			buildActionMask = 2147483647;
			files = (
				2CF8AF041A2878C10005785B /* MYgameElement.m in Sources */,
				2CF8AEFE1A286D760005785B /* MYgameField.m in Sources */,
				2CF8AEFA1A286B6B0005785B /* MYmainViewController.m in Sources */,
				2CF8AED91A286B190005785B /* MYAppDelegate.m in Sources */,
				2CF8AED51A286B190005785B /* main.m in Sources */,
			);
			runOnlyForDeploymentPostprocessing = 0;
		};
		2CF8AEDC1A286B190005785B /* Sources */ = {
			isa = PBXSourcesBuildPhase;
			buildActionMask = 2147483647;
			files = (
				2CF8AEEE1A286B190005785B /* match3Tests.m in Sources */,
			);
			runOnlyForDeploymentPostprocessing = 0;
		};
/* End PBXSourcesBuildPhase section */

/* Begin PBXTargetDependency section */
		2CF8AEE61A286B190005785B /* PBXTargetDependency */ = {
			isa = PBXTargetDependency;
			target = 2CF8AEC41A286B190005785B /* match3 */;
			targetProxy = 2CF8AEE51A286B190005785B /* PBXContainerItemProxy */;
		};
/* End PBXTargetDependency section */

/* Begin PBXVariantGroup section */
		2CF8AED11A286B190005785B /* InfoPlist.strings */ = {
			isa = PBXVariantGroup;
			children = (
				2CF8AED21A286B190005785B /* en */,
			);
			name = InfoPlist.strings;
			sourceTree = "<group>";
		};
		2CF8AEEA1A286B190005785B /* InfoPlist.strings */ = {
			isa = PBXVariantGroup;
			children = (
				2CF8AEEB1A286B190005785B /* en */,
			);
			name = InfoPlist.strings;
			sourceTree = "<group>";
		};
/* End PBXVariantGroup section */

/* Begin XCBuildConfiguration section */
		2CF8AEEF1A286B190005785B /* Debug */ = {
			isa = XCBuildConfiguration;
			buildSettings = {
				ALWAYS_SEARCH_USER_PATHS = NO;
				ARCHS = "$(ARCHS_STANDARD_INCLUDING_64_BIT)";
				CLANG_CXX_LANGUAGE_STANDARD = "gnu++0x";
				CLANG_CXX_LIBRARY = "libc++";
				CLANG_ENABLE_MODULES = YES;
				CLANG_ENABLE_OBJC_ARC = YES;
				CLANG_WARN_BOOL_CONVERSION = YES;
				CLANG_WARN_CONSTANT_CONVERSION = YES;
				CLANG_WARN_DIRECT_OBJC_ISA_USAGE = YES_ERROR;
				CLANG_WARN_EMPTY_BODY = YES;
				CLANG_WARN_ENUM_CONVERSION = YES;
				CLANG_WARN_INT_CONVERSION = YES;
				CLANG_WARN_OBJC_ROOT_CLASS = YES_ERROR;
				CLANG_WARN__DUPLICATE_METHOD_MATCH = YES;
				"CODE_SIGN_IDENTITY[sdk=iphoneos*]" = "iPhone Developer";
				COPY_PHASE_STRIP = NO;
				GCC_C_LANGUAGE_STANDARD = gnu99;
				GCC_DYNAMIC_NO_PIC = NO;
				GCC_OPTIMIZATION_LEVEL = 0;
				GCC_PREPROCESSOR_DEFINITIONS = (
					"DEBUG=1",
					"$(inherited)",
				);
				GCC_SYMBOLS_PRIVATE_EXTERN = NO;
				GCC_WARN_64_TO_32_BIT_CONVERSION = YES;
				GCC_WARN_ABOUT_RETURN_TYPE = YES_ERROR;
				GCC_WARN_UNDECLARED_SELECTOR = YES;
				GCC_WARN_UNINITIALIZED_AUTOS = YES;
				GCC_WARN_UNUSED_FUNCTION = YES;
				GCC_WARN_UNUSED_VARIABLE = YES;
				IPHONEOS_DEPLOYMENT_TARGET = 7.0;
				ONLY_ACTIVE_ARCH = YES;
				SDKROOT = iphoneos;
			};
			name = Debug;
		};
		2CF8AEF01A286B190005785B /* Release */ = {
			isa = XCBuildConfiguration;
			buildSettings = {
				ALWAYS_SEARCH_USER_PATHS = NO;
				ARCHS = "$(ARCHS_STANDARD_INCLUDING_64_BIT)";
				CLANG_CXX_LANGUAGE_STANDARD = "gnu++0x";
				CLANG_CXX_LIBRARY = "libc++";
				CLANG_ENABLE_MODULES = YES;
				CLANG_ENABLE_OBJC_ARC = YES;
				CLANG_WARN_BOOL_CONVERSION = YES;
				CLANG_WARN_CONSTANT_CONVERSION = YES;
				CLANG_WARN_DIRECT_OBJC_ISA_USAGE = YES_ERROR;
				CLANG_WARN_EMPTY_BODY = YES;
				CLANG_WARN_ENUM_CONVERSION = YES;
				CLANG_WARN_INT_CONVERSION = YES;
				CLANG_WARN_OBJC_ROOT_CLASS = YES_ERROR;
				CLANG_WARN__DUPLICATE_METHOD_MATCH = YES;
				"CODE_SIGN_IDENTITY[sdk=iphoneos*]" = "iPhone Developer";
				COPY_PHASE_STRIP = YES;
				ENABLE_NS_ASSERTIONS = NO;
				GCC_C_LANGUAGE_STANDARD = gnu99;
				GCC_WARN_64_TO_32_BIT_CONVERSION = YES;
				GCC_WARN_ABOUT_RETURN_TYPE = YES_ERROR;
				GCC_WARN_UNDECLARED_SELECTOR = YES;
				GCC_WARN_UNINITIALIZED_AUTOS = YES;
				GCC_WARN_UNUSED_FUNCTION = YES;
				GCC_WARN_UNUSED_VARIABLE = YES;
				IPHONEOS_DEPLOYMENT_TARGET = 7.0;
				SDKROOT = iphoneos;
				VALIDATE_PRODUCT = YES;
			};
			name = Release;
		};
		2CF8AEF21A286B190005785B /* Debug */ = {
			isa = XCBuildConfiguration;
			buildSettings = {
				ASSETCATALOG_COMPILER_APPICON_NAME = AppIcon;
				ASSETCATALOG_COMPILER_LAUNCHIMAGE_NAME = LaunchImage;
				DEBUG_INFORMATION_FORMAT = dwarf;
				GCC_PRECOMPILE_PREFIX_HEADER = YES;
				GCC_PREFIX_HEADER = "match3/match3-Prefix.pch";
				INFOPLIST_FILE = "match3/match3-Info.plist";
				PRODUCT_NAME = "$(TARGET_NAME)";
				WRAPPER_EXTENSION = app;
			};
			name = Debug;
		};
		2CF8AEF31A286B190005785B /* Release */ = {
			isa = XCBuildConfiguration;
			buildSettings = {
				ASSETCATALOG_COMPILER_APPICON_NAME = AppIcon;
				ASSETCATALOG_COMPILER_LAUNCHIMAGE_NAME = LaunchImage;
				DEBUG_INFORMATION_FORMAT = dwarf;
				GCC_PRECOMPILE_PREFIX_HEADER = YES;
				GCC_PREFIX_HEADER = "match3/match3-Prefix.pch";
				INFOPLIST_FILE = "match3/match3-Info.plist";
				PRODUCT_NAME = "$(TARGET_NAME)";
				WRAPPER_EXTENSION = app;
			};
			name = Release;
		};
		2CF8AEF51A286B190005785B /* Debug */ = {
			isa = XCBuildConfiguration;
			buildSettings = {
				ARCHS = "$(ARCHS_STANDARD_INCLUDING_64_BIT)";
				BUNDLE_LOADER = "$(BUILT_PRODUCTS_DIR)/match3.app/match3";
				FRAMEWORK_SEARCH_PATHS = (
					"$(SDKROOT)/Developer/Library/Frameworks",
					"$(inherited)",
					"$(DEVELOPER_FRAMEWORKS_DIR)",
				);
				GCC_PRECOMPILE_PREFIX_HEADER = YES;
				GCC_PREFIX_HEADER = "match3/match3-Prefix.pch";
				GCC_PREPROCESSOR_DEFINITIONS = (
					"DEBUG=1",
					"$(inherited)",
				);
				INFOPLIST_FILE = "match3Tests/match3Tests-Info.plist";
				PRODUCT_NAME = "$(TARGET_NAME)";
				TEST_HOST = "$(BUNDLE_LOADER)";
				WRAPPER_EXTENSION = xctest;
			};
			name = Debug;
		};
		2CF8AEF61A286B190005785B /* Release */ = {
			isa = XCBuildConfiguration;
			buildSettings = {
				ARCHS = "$(ARCHS_STANDARD_INCLUDING_64_BIT)";
				BUNDLE_LOADER = "$(BUILT_PRODUCTS_DIR)/match3.app/match3";
				FRAMEWORK_SEARCH_PATHS = (
					"$(SDKROOT)/Developer/Library/Frameworks",
					"$(inherited)",
					"$(DEVELOPER_FRAMEWORKS_DIR)",
				);
				GCC_PRECOMPILE_PREFIX_HEADER = YES;
				GCC_PREFIX_HEADER = "match3/match3-Prefix.pch";
				INFOPLIST_FILE = "match3Tests/match3Tests-Info.plist";
				PRODUCT_NAME = "$(TARGET_NAME)";
				TEST_HOST = "$(BUNDLE_LOADER)";
				WRAPPER_EXTENSION = xctest;
			};
			name = Release;
		};
/* End XCBuildConfiguration section */

/* Begin XCConfigurationList section */
		2CF8AEC01A286B190005785B /* Build configuration list for PBXProject "match3" */ = {
			isa = XCConfigurationList;
			buildConfigurations = (
				2CF8AEEF1A286B190005785B /* Debug */,
				2CF8AEF01A286B190005785B /* Release */,
			);
			defaultConfigurationIsVisible = 0;
			defaultConfigurationName = Release;
		};
		2CF8AEF11A286B190005785B /* Build configuration list for PBXNativeTarget "match3" */ = {
			isa = XCConfigurationList;
			buildConfigurations = (
				2CF8AEF21A286B190005785B /* Debug */,
				2CF8AEF31A286B190005785B /* Release */,
			);
			defaultConfigurationIsVisible = 0;
		};
		2CF8AEF41A286B190005785B /* Build configuration list for PBXNativeTarget "match3Tests" */ = {
			isa = XCConfigurationList;
			buildConfigurations = (
				2CF8AEF51A286B190005785B /* Debug */,
				2CF8AEF61A286B190005785B /* Release */,
			);
			defaultConfigurationIsVisible = 0;
		};
/* End XCConfigurationList section */
	};
	rootObject = 2CF8AEBD1A286B190005785B /* Project object */;
}
